
Microsoft Visual Studio Solution File, Format Version 12.00
# Visual Studio 15
VisualStudioVersion = 15.0.28010.2041
MinimumVisualStudioVersion = 10.0.40219.1
Project("{FAE04EC0-301F-11D3-BF4B-00C04F79EFBC}") = "DrawingApp", "Drawing App\DrawingApp.csproj", "{E7D1649F-A941-473C-B6F9-DD8D0102B6D6}"
EndProject
Global
	GlobalSection(SolutionConfigurationPlatforms) = preSolution
		Debug|Any CPU = Debug|Any CPU
		Release|Any CPU = Release|Any CPU
	EndGlobalSection
	GlobalSection(ProjectConfigurationPlatforms) = postSolution
		{E7D1649F-A941-473C-B6F9-DD8D0102B6D6}.Debug|Any CPU.ActiveCfg = Debug|Any CPU
		{E7D1649F-A941-473C-B6F9-DD8D0102B6D6}.Debug|Any CPU.Build.0 = Debug|Any CPU
		{E7D1649F-A941-473C-B6F9-DD8D0102B6D6}.Release|Any CPU.ActiveCfg = Release|Any CPU
		{E7D1649F-A941-473C-B6F9-DD8D0102B6D6}.Release|Any CPU.Build.0 = Release|Any CPU
	EndGlobalSection
	GlobalSection(SolutionProperties) = preSolution
		HideSolutionNode = FALSE
	EndGlobalSection
	GlobalSection(ExtensibilityGlobals) = postSolution
		SolutionGuid = {CF79350D-FAB8-4077-97D0-AFB0B66514EE}
	EndGlobalSection
EndGlobal
